
Microsoft Visual Studio Solution File, Format Version 12.00
# Visual Studio Version 17
VisualStudioVersion = 17.10.35027.167
MinimumVisualStudioVersion = 10.0.40219.1
Project("{9A19103F-16F7-4668-BE54-9A1E7A4F7556}") = "LojaBest", "WebApplication1\LojaBest.csproj", "{DAF559F2-AAF3-46F0-9703-55D6B58AE3A2}"
EndProject
Global
	GlobalSection(SolutionConfigurationPlatforms) = preSolution
		Debug|Any CPU = Debug|Any CPU
		Release|Any CPU = Release|Any CPU
	EndGlobalSection
	GlobalSection(ProjectConfigurationPlatforms) = postSolution
		{DAF559F2-AAF3-46F0-9703-55D6B58AE3A2}.Debug|Any CPU.ActiveCfg = Debug|Any CPU
		{DAF559F2-AAF3-46F0-9703-55D6B58AE3A2}.Debug|Any CPU.Build.0 = Debug|Any CPU
		{DAF559F2-AAF3-46F0-9703-55D6B58AE3A2}.Release|Any CPU.ActiveCfg = Release|Any CPU
		{DAF559F2-AAF3-46F0-9703-55D6B58AE3A2}.Release|Any CPU.Build.0 = Release|Any CPU
	EndGlobalSection
	GlobalSection(SolutionProperties) = preSolution
		HideSolutionNode = FALSE
	EndGlobalSection
	GlobalSection(ExtensibilityGlobals) = postSolution
		SolutionGuid = {4412BAC1-07A1-4E83-ACE1-28AB32D05FA9}
	EndGlobalSection
EndGlobal
